
Microsoft Visual Studio Solution File, Format Version 12.00
# Visual Studio Version 16
VisualStudioVersion = 16.0.33328.57
MinimumVisualStudioVersion = 10.0.40219.1
Project("{8BC9CEB8-8B4A-11D0-8D11-00A0C91BC942}") = "5블럭 테트리스", "5블럭 테트리스\5블럭 테트리스.vcxproj", "{5353967D-5AC3-4168-ADCC-22082AF7C8C0}"
EndProject
Global
	GlobalSection(SolutionConfigurationPlatforms) = preSolution
		Debug|x64 = Debug|x64
		Debug|x86 = Debug|x86
		Release|x64 = Release|x64
		Release|x86 = Release|x86
	EndGlobalSection
	GlobalSection(ProjectConfigurationPlatforms) = postSolution
		{5353967D-5AC3-4168-ADCC-22082AF7C8C0}.Debug|x64.ActiveCfg = Debug|x64
		{5353967D-5AC3-4168-ADCC-22082AF7C8C0}.Debug|x64.Build.0 = Debug|x64
		{5353967D-5AC3-4168-ADCC-22082AF7C8C0}.Debug|x86.ActiveCfg = Debug|Win32
		{5353967D-5AC3-4168-ADCC-22082AF7C8C0}.Debug|x86.Build.0 = Debug|Win32
		{5353967D-5AC3-4168-ADCC-22082AF7C8C0}.Release|x64.ActiveCfg = Release|x64
		{5353967D-5AC3-4168-ADCC-22082AF7C8C0}.Release|x64.Build.0 = Release|x64
		{5353967D-5AC3-4168-ADCC-22082AF7C8C0}.Release|x86.ActiveCfg = Release|Win32
		{5353967D-5AC3-4168-ADCC-22082AF7C8C0}.Release|x86.Build.0 = Release|Win32
	EndGlobalSection
	GlobalSection(SolutionProperties) = preSolution
		HideSolutionNode = FALSE
	EndGlobalSection
	GlobalSection(ExtensibilityGlobals) = postSolution
		SolutionGuid = {375C31D0-01C9-44FA-957F-25452B462976}
	EndGlobalSection
EndGlobal
