
Microsoft Visual Studio Solution File, Format Version 12.00
# Visual Studio Version 16
VisualStudioVersion = 16.0.33328.57
MinimumVisualStudioVersion = 10.0.40219.1
Project("{8BC9CEB8-8B4A-11D0-8D11-00A0C91BC942}") = "Hexa", "Hexa\Hexa.vcxproj", "{0CC11E3E-16C9-4F21-8304-E9A284A78181}"
EndProject
Global
	GlobalSection(SolutionConfigurationPlatforms) = preSolution
		Debug|x64 = Debug|x64
		Debug|x86 = Debug|x86
		Release|x64 = Release|x64
		Release|x86 = Release|x86
	EndGlobalSection
	GlobalSection(ProjectConfigurationPlatforms) = postSolution
		{0CC11E3E-16C9-4F21-8304-E9A284A78181}.Debug|x64.ActiveCfg = Debug|x64
		{0CC11E3E-16C9-4F21-8304-E9A284A78181}.Debug|x64.Build.0 = Debug|x64
		{0CC11E3E-16C9-4F21-8304-E9A284A78181}.Debug|x86.ActiveCfg = Debug|Win32
		{0CC11E3E-16C9-4F21-8304-E9A284A78181}.Debug|x86.Build.0 = Debug|Win32
		{0CC11E3E-16C9-4F21-8304-E9A284A78181}.Release|x64.ActiveCfg = Release|x64
		{0CC11E3E-16C9-4F21-8304-E9A284A78181}.Release|x64.Build.0 = Release|x64
		{0CC11E3E-16C9-4F21-8304-E9A284A78181}.Release|x86.ActiveCfg = Release|Win32
		{0CC11E3E-16C9-4F21-8304-E9A284A78181}.Release|x86.Build.0 = Release|Win32
	EndGlobalSection
	GlobalSection(SolutionProperties) = preSolution
		HideSolutionNode = FALSE
	EndGlobalSection
	GlobalSection(ExtensibilityGlobals) = postSolution
		SolutionGuid = {457785C1-DBBF-447A-A717-1CF773DB4452}
	EndGlobalSection
EndGlobal
